{
  "name": "homebridge-nest",
  "version": "1.1.2",
  "dependencies": {
    "firebase": {
      "version": "2.4.2",
      "from": "firebase@>=2.3.2 <3.0.0",
      "resolved": "https://registry.npmjs.org/firebase/-/firebase-2.4.2.tgz",
      "dependencies": {
        "faye-websocket": {
          "version": "0.9.3",
          "from": "faye-websocket@>=0.6.0",
          "resolved": "https://registry.npmjs.org/faye-websocket/-/faye-websocket-0.9.3.tgz",
          "dependencies": {
            "websocket-driver": {
              "version": "0.6.5",
              "from": "websocket-driver@>=0.6.5",
              "resolved": "https://registry.npmjs.org/websocket-driver/-/websocket-driver-0.6.5.tgz",
              "dependencies": {
                "websocket-extensions": {
                  "version": "0.1.1",
                  "from": "websocket-extensions@>=0.1.1",
                  "resolved": "https://registry.npmjs.org/websocket-extensions/-/websocket-extensions-0.1.1.tgz"
                }
              }
            }
          }
        }
      }
    },
  }
}
